<Solution>
  <Folder Name="/Solution Items/" />
  <Folder Name="/src/">
    <Project Path="src/spool-dat-torrent.cli/spool-dat-torrent.cli.csproj" Id="aa0ecd07-4d3e-47e7-854e-2added8624f9" />
    <Project Path="src/spool-dat-torrent.core/spool-dat-torrent.core.csproj" />
    <Project Path="src/spool-dat-torrent.web/spool-dat-torrent.web.csproj" />
  </Folder>
  <Folder Name="/tests/">
    <Project Path="tests/SpoolDatTorrent.Core.Tests/SpoolDatTorrent.Core.Tests.csproj" />
  </Folder>
  <Project Path="dev/dev.shproj" />
</Solution>
